{
  "name": "sxwnl-calculator",
  "version": "1.0.0",
  "lockfileVersion": 3,
  "requires": true,
  "packages": {
    "": {
      "name": "sxwnl-calculator",
      "version": "1.0.0",
      "dependencies": {
        "lunar-javascript": "^1.6.12",
        "moment": "^2.29.4"
      }
    },
    "node_modules/lunar-javascript": {
      "version": "1.7.7",
      "resolved": "https://registry.npmmirror.com/lunar-javascript/-/lunar-javascript-1.7.7.tgz",
      "integrity": "sha512-u/KYiwPIBo/0bT+WWfU7qO1d+aqeB90Tuy4ErXenr2Gam0QcWeezUvtiOIyXR7HbVnW2I1DKfU0NBvzMZhbVQw==",
      "license": "MIT"
    },
    "node_modules/moment": {
      "version": "2.30.1",
      "resolved": "https://registry.npmmirror.com/moment/-/moment-2.30.1.tgz",
      "integrity": "sha512-uEmtNhbDOrWPFS+hdjFCBfy9f2YoyzRpwcl+DqpC6taX21FzsTLQVbMV/W7PzNSX6x/bhC1zA3c2UQ5NzH6how==",
      "license": "MIT",
      "engines": {
        "node": "*"
      }
    }
  }
}
